
Microsoft Visual Studio Solution File, Format Version 12.00
# Visual Studio 15
VisualStudioVersion = 15.0.26730.12
MinimumVisualStudioVersion = 10.0.40219.1
Project("{151D2E53-A2C4-4D7D-83FE-D05416EBD58E}") = "OMSSolution3", "OMSSolution3\OMSSolution3.deployproj", "{92BF4D36-F299-4F41-A03E-17650ED89F24}"
EndProject
Global
	GlobalSection(SolutionConfigurationPlatforms) = preSolution
		Debug|Any CPU = Debug|Any CPU
		Release|Any CPU = Release|Any CPU
	EndGlobalSection
	GlobalSection(ProjectConfigurationPlatforms) = postSolution
		{92BF4D36-F299-4F41-A03E-17650ED89F24}.Debug|Any CPU.ActiveCfg = Debug|Any CPU
		{92BF4D36-F299-4F41-A03E-17650ED89F24}.Debug|Any CPU.Build.0 = Debug|Any CPU
		{92BF4D36-F299-4F41-A03E-17650ED89F24}.Release|Any CPU.ActiveCfg = Release|Any CPU
		{92BF4D36-F299-4F41-A03E-17650ED89F24}.Release|Any CPU.Build.0 = Release|Any CPU
	EndGlobalSection
	GlobalSection(SolutionProperties) = preSolution
		HideSolutionNode = FALSE
	EndGlobalSection
	GlobalSection(ExtensibilityGlobals) = postSolution
		SolutionGuid = {03DBB969-1429-434C-8747-66BFAAFA8531}
	EndGlobalSection
EndGlobal
